
Microsoft Visual Studio Solution File, Format Version 12.00
# Visual Studio Version 17
VisualStudioVersion = 17.11.35312.102
MinimumVisualStudioVersion = 10.0.40219.1
Project("{9A19103F-16F7-4668-BE54-9A1E7A4F7556}") = "API", "TestTask\API.csproj", "{C0E1402F-0194-4BD3-B212-697E934F6AE0}"
EndProject
Project("{9A19103F-16F7-4668-BE54-9A1E7A4F7556}") = "Infrastructure", "Infrastructure\Infrastructure.csproj", "{62E5AE04-649C-465D-B4A6-3071E802ADF3}"
EndProject
Project("{9A19103F-16F7-4668-BE54-9A1E7A4F7556}") = "Data", "Data\Data.csproj", "{2EDFAD46-4B8F-4403-9963-F5B0C00B0A51}"
EndProject
Project("{9A19103F-16F7-4668-BE54-9A1E7A4F7556}") = "Wpf", "WPF\Wpf.csproj", "{840885D9-457E-442F-A4DB-27B66F25FA28}"
EndProject
Global
	GlobalSection(SolutionConfigurationPlatforms) = preSolution
		Debug|Any CPU = Debug|Any CPU
		Release|Any CPU = Release|Any CPU
	EndGlobalSection
	GlobalSection(ProjectConfigurationPlatforms) = postSolution
		{C0E1402F-0194-4BD3-B212-697E934F6AE0}.Debug|Any CPU.ActiveCfg = Debug|Any CPU
		{C0E1402F-0194-4BD3-B212-697E934F6AE0}.Debug|Any CPU.Build.0 = Debug|Any CPU
		{C0E1402F-0194-4BD3-B212-697E934F6AE0}.Release|Any CPU.ActiveCfg = Release|Any CPU
		{C0E1402F-0194-4BD3-B212-697E934F6AE0}.Release|Any CPU.Build.0 = Release|Any CPU
		{62E5AE04-649C-465D-B4A6-3071E802ADF3}.Debug|Any CPU.ActiveCfg = Debug|Any CPU
		{62E5AE04-649C-465D-B4A6-3071E802ADF3}.Debug|Any CPU.Build.0 = Debug|Any CPU
		{62E5AE04-649C-465D-B4A6-3071E802ADF3}.Release|Any CPU.ActiveCfg = Release|Any CPU
		{62E5AE04-649C-465D-B4A6-3071E802ADF3}.Release|Any CPU.Build.0 = Release|Any CPU
		{2EDFAD46-4B8F-4403-9963-F5B0C00B0A51}.Debug|Any CPU.ActiveCfg = Debug|Any CPU
		{2EDFAD46-4B8F-4403-9963-F5B0C00B0A51}.Debug|Any CPU.Build.0 = Debug|Any CPU
		{2EDFAD46-4B8F-4403-9963-F5B0C00B0A51}.Release|Any CPU.ActiveCfg = Release|Any CPU
		{2EDFAD46-4B8F-4403-9963-F5B0C00B0A51}.Release|Any CPU.Build.0 = Release|Any CPU
		{840885D9-457E-442F-A4DB-27B66F25FA28}.Debug|Any CPU.ActiveCfg = Debug|Any CPU
		{840885D9-457E-442F-A4DB-27B66F25FA28}.Debug|Any CPU.Build.0 = Debug|Any CPU
		{840885D9-457E-442F-A4DB-27B66F25FA28}.Release|Any CPU.ActiveCfg = Release|Any CPU
		{840885D9-457E-442F-A4DB-27B66F25FA28}.Release|Any CPU.Build.0 = Release|Any CPU
	EndGlobalSection
	GlobalSection(SolutionProperties) = preSolution
		HideSolutionNode = FALSE
	EndGlobalSection
	GlobalSection(ExtensibilityGlobals) = postSolution
		SolutionGuid = {847A1D1B-6DBD-4E27-B72B-553C5C53D554}
	EndGlobalSection
EndGlobal
